// !$*UTF8*$!
{
	archiveVersion = 1;
	classes = {
	};
	objectVersion = 46;
	objects = {

/* Begin PBXBuildFile section */
		37C79ADA13331D3D00191D9C /* UIKit.framework in Frameworks */ = {isa = PBXBuildFile; fileRef = 37C79AD913331D3D00191D9C /* UIKit.framework */; };
		37C79ADC13331D3D00191D9C /* Foundation.framework in Frameworks */ = {isa = PBXBuildFile; fileRef = 37C79ADB13331D3D00191D9C /* Foundation.framework */; };
		37C79ADE13331D3D00191D9C /* CoreGraphics.framework in Frameworks */ = {isa = PBXBuildFile; fileRef = 37C79ADD13331D3D00191D9C /* CoreGraphics.framework */; };
		37C79AE413331D3D00191D9C /* InfoPlist.strings in Resources */ = {isa = PBXBuildFile; fileRef = 37C79AE213331D3D00191D9C /* InfoPlist.strings */; };
		37C79AE713331D3D00191D9C /* main.m in Sources */ = {isa = PBXBuildFile; fileRef = 37C79AE613331D3D00191D9C /* main.m */; };
		37C79AEA13331D3D00191D9C /* simpleCalculatorAppDelegate.m in Sources */ = {isa = PBXBuildFile; fileRef = 37C79AE913331D3D00191D9C /* simpleCalculatorAppDelegate.m */; };
		37C79AED13331D3D00191D9C /* MainWindow.xib in Resources */ = {isa = PBXBuildFile; fileRef = 37C79AEB13331D3D00191D9C /* MainWindow.xib */; };
		37C79AF013331D3D00191D9C /* simpleCalculatorViewController.m in Sources */ = {isa = PBXBuildFile; fileRef = 37C79AEF13331D3D00191D9C /* simpleCalculatorViewController.m */; };
		37C79AF313331D3D00191D9C /* simpleCalculatorViewController.xib in Resources */ = {isa = PBXBuildFile; fileRef = 37C79AF113331D3D00191D9C /* simpleCalculatorViewController.xib */; };
		37C79AFA13331D3D00191D9C /* UIKit.framework in Frameworks */ = {isa = PBXBuildFile; fileRef = 37C79AD913331D3D00191D9C /* UIKit.framework */; };
		37C79AFB13331D3D00191D9C /* Foundation.framework in Frameworks */ = {isa = PBXBuildFile; fileRef = 37C79ADB13331D3D00191D9C /* Foundation.framework */; };
		37C79AFC13331D3D00191D9C /* CoreGraphics.framework in Frameworks */ = {isa = PBXBuildFile; fileRef = 37C79ADD13331D3D00191D9C /* CoreGraphics.framework */; };
		37C79B0413331D3D00191D9C /* InfoPlist.strings in Resources */ = {isa = PBXBuildFile; fileRef = 37C79B0213331D3D00191D9C /* InfoPlist.strings */; };
		37C79B0713331D3D00191D9C /* simpleCalculatorTests.h in Resources */ = {isa = PBXBuildFile; fileRef = 37C79B0613331D3D00191D9C /* simpleCalculatorTests.h */; };
		37C79B0913331D3D00191D9C /* simpleCalculatorTests.m in Sources */ = {isa = PBXBuildFile; fileRef = 37C79B0813331D3D00191D9C /* simpleCalculatorTests.m */; };
/* End PBXBuildFile section */

/* Begin PBXContainerItemProxy section */
		37C79AFD13331D3D00191D9C /* PBXContainerItemProxy */ = {
			isa = PBXContainerItemProxy;
			containerPortal = 37C79ACC13331D3C00191D9C /* Project object */;
			proxyType = 1;
			remoteGlobalIDString = 37C79AD413331D3D00191D9C;
			remoteInfo = simpleCalculator;
		};
/* End PBXContainerItemProxy section */

/* Begin PBXFileReference section */
		37C79AD513331D3D00191D9C /* simpleCalculator.app */ = {isa = PBXFileReference; explicitFileType = wrapper.application; includeInIndex = 0; path = simpleCalculator.app; sourceTree = BUILT_PRODUCTS_DIR; };
		37C79AD913331D3D00191D9C /* UIKit.framework */ = {isa = PBXFileReference; lastKnownFileType = wrapper.framework; name = UIKit.framework; path = System/Library/Frameworks/UIKit.framework; sourceTree = SDKROOT; };
		37C79ADB13331D3D00191D9C /* Foundation.framework */ = {isa = PBXFileReference; lastKnownFileType = wrapper.framework; name = Foundation.framework; path = System/Library/Frameworks/Foundation.framework; sourceTree = SDKROOT; };
		37C79ADD13331D3D00191D9C /* CoreGraphics.framework */ = {isa = PBXFileReference; lastKnownFileType = wrapper.framework; name = CoreGraphics.framework; path = System/Library/Frameworks/CoreGraphics.framework; sourceTree = SDKROOT; };
		37C79AE113331D3D00191D9C /* simpleCalculator-Info.plist */ = {isa = PBXFileReference; path = "simpleCalculator-Info.plist"; sourceTree = "<group>"; };
		37C79AE313331D3D00191D9C /* en */ = {isa = PBXFileReference; lastKnownFileType = text.plist.strings; name = en; path = en.lproj/InfoPlist.strings; sourceTree = "<group>"; };
		37C79AE513331D3D00191D9C /* simpleCalculator-Prefix.pch */ = {isa = PBXFileReference; path = "simpleCalculator-Prefix.pch"; sourceTree = "<group>"; };
		37C79AE613331D3D00191D9C /* main.m */ = {isa = PBXFileReference; lastKnownFileType = sourcecode.c.objc; path = main.m; sourceTree = "<group>"; };
		37C79AE813331D3D00191D9C /* simpleCalculatorAppDelegate.h */ = {isa = PBXFileReference; path = simpleCalculatorAppDelegate.h; sourceTree = "<group>"; };
		37C79AE913331D3D00191D9C /* simpleCalculatorAppDelegate.m */ = {isa = PBXFileReference; lastKnownFileType = sourcecode.c.objc; path = simpleCalculatorAppDelegate.m; sourceTree = "<group>"; };
		37C79AEC13331D3D00191D9C /* en */ = {isa = PBXFileReference; lastKnownFileType = file.xib; name = en; path = en.lproj/MainWindow.xib; sourceTree = "<group>"; };
		37C79AEE13331D3D00191D9C /* simpleCalculatorViewController.h */ = {isa = PBXFileReference; path = simpleCalculatorViewController.h; sourceTree = "<group>"; };
		37C79AEF13331D3D00191D9C /* simpleCalculatorViewController.m */ = {isa = PBXFileReference; lastKnownFileType = sourcecode.c.objc; path = simpleCalculatorViewController.m; sourceTree = "<group>"; };
		37C79AF213331D3D00191D9C /* en */ = {isa = PBXFileReference; lastKnownFileType = file.xib; name = en; path = en.lproj/simpleCalculatorViewController.xib; sourceTree = "<group>"; };
		37C79AF913331D3D00191D9C /* simpleCalculatorTests.octest */ = {isa = PBXFileReference; explicitFileType = wrapper.cfbundle; includeInIndex = 0; path = simpleCalculatorTests.octest; sourceTree = BUILT_PRODUCTS_DIR; };
		37C79B0113331D3D00191D9C /* simpleCalculatorTests-Info.plist */ = {isa = PBXFileReference; path = "simpleCalculatorTests-Info.plist"; sourceTree = "<group>"; };
		37C79B0313331D3D00191D9C /* en */ = {isa = PBXFileReference; lastKnownFileType = text.plist.strings; name = en; path = en.lproj/InfoPlist.strings; sourceTree = "<group>"; };
		37C79B0513331D3D00191D9C /* simpleCalculatorTests-Prefix.pch */ = {isa = PBXFileReference; path = "simpleCalculatorTests-Prefix.pch"; sourceTree = "<group>"; };
		37C79B0613331D3D00191D9C /* simpleCalculatorTests.h */ = {isa = PBXFileReference; lastKnownFileType = sourcecode.c.h; path = simpleCalculatorTests.h; sourceTree = "<group>"; };
		37C79B0813331D3D00191D9C /* simpleCalculatorTests.m */ = {isa = PBXFileReference; lastKnownFileType = sourcecode.c.objc; path = simpleCalculatorTests.m; sourceTree = "<group>"; };
/* End PBXFileReference section */

/* Begin PBXFrameworksBuildPhase section */
		37C79AD213331D3D00191D9C /* Frameworks */ = {
			isa = PBXFrameworksBuildPhase;
			buildActionMask = 2147483647;
			files = (
				37C79ADA13331D3D00191D9C /* UIKit.framework in Frameworks */,
				37C79ADC13331D3D00191D9C /* Foundation.framework in Frameworks */,
				37C79ADE13331D3D00191D9C /* CoreGraphics.framework in Frameworks */,
			);
			runOnlyForDeploymentPostprocessing = 0;
		};
		37C79AF513331D3D00191D9C /* Frameworks */ = {
			isa = PBXFrameworksBuildPhase;
			buildActionMask = 2147483647;
			files = (
				37C79AFA13331D3D00191D9C /* UIKit.framework in Frameworks */,
				37C79AFB13331D3D00191D9C /* Foundation.framework in Frameworks */,
				37C79AFC13331D3D00191D9C /* CoreGraphics.framework in Frameworks */,
			);
			runOnlyForDeploymentPostprocessing = 0;
		};
/* End PBXFrameworksBuildPhase section */

/* Begin PBXGroup section */
		37C79ACA13331D3C00191D9C = {
			isa = PBXGroup;
			children = (
				37C79ADF13331D3D00191D9C /* simpleCalculator */,
				37C79AFF13331D3D00191D9C /* simpleCalculatorTests */,
				37C79AD813331D3D00191D9C /* Frameworks */,
				37C79AD613331D3D00191D9C /* Products */,
			);
			sourceTree = "<group>";
		};
		37C79AD613331D3D00191D9C /* Products */ = {
			isa = PBXGroup;
			children = (
				37C79AD513331D3D00191D9C /* simpleCalculator.app */,
				37C79AF913331D3D00191D9C /* simpleCalculatorTests.octest */,
			);
			name = Products;
			sourceTree = "<group>";
		};
		37C79AD813331D3D00191D9C /* Frameworks */ = {
			isa = PBXGroup;
			children = (
				37C79AD913331D3D00191D9C /* UIKit.framework */,
				37C79ADB13331D3D00191D9C /* Foundation.framework */,
				37C79ADD13331D3D00191D9C /* CoreGraphics.framework */,
			);
			name = Frameworks;
			sourceTree = "<group>";
		};
		37C79ADF13331D3D00191D9C /* simpleCalculator */ = {
			isa = PBXGroup;
			children = (
				37C79AE813331D3D00191D9C /* simpleCalculatorAppDelegate.h */,
				37C79AE913331D3D00191D9C /* simpleCalculatorAppDelegate.m */,
				37C79AEB13331D3D00191D9C /* MainWindow.xib */,
				37C79AEE13331D3D00191D9C /* simpleCalculatorViewController.h */,
				37C79AEF13331D3D00191D9C /* simpleCalculatorViewController.m */,
				37C79AF113331D3D00191D9C /* simpleCalculatorViewController.xib */,
				37C79AE013331D3D00191D9C /* Supporting Files */,
			);
			path = simpleCalculator;
			sourceTree = "<group>";
		};
		37C79AE013331D3D00191D9C /* Supporting Files */ = {
			isa = PBXGroup;
			children = (
				37C79AE113331D3D00191D9C /* simpleCalculator-Info.plist */,
				37C79AE213331D3D00191D9C /* InfoPlist.strings */,
				37C79AE513331D3D00191D9C /* simpleCalculator-Prefix.pch */,
				37C79AE613331D3D00191D9C /* main.m */,
			);
			name = "Supporting Files";
			sourceTree = "<group>";
		};
		37C79AFF13331D3D00191D9C /* simpleCalculatorTests */ = {
			isa = PBXGroup;
			children = (
				37C79B0613331D3D00191D9C /* simpleCalculatorTests.h */,
				37C79B0813331D3D00191D9C /* simpleCalculatorTests.m */,
				37C79B0013331D3D00191D9C /* Supporting Files */,
			);
			path = simpleCalculatorTests;
			sourceTree = "<group>";
		};
		37C79B0013331D3D00191D9C /* Supporting Files */ = {
			isa = PBXGroup;
			children = (
				37C79B0113331D3D00191D9C /* simpleCalculatorTests-Info.plist */,
				37C79B0213331D3D00191D9C /* InfoPlist.strings */,
				37C79B0513331D3D00191D9C /* simpleCalculatorTests-Prefix.pch */,
			);
			name = "Supporting Files";
			sourceTree = "<group>";
		};
/* End PBXGroup section */

/* Begin PBXNativeTarget section */
		37C79AD413331D3D00191D9C /* simpleCalculator */ = {
			isa = PBXNativeTarget;
			buildConfigurationList = 37C79B0C13331D3D00191D9C /* Build configuration list for PBXNativeTarget "simpleCalculator" */;
			buildPhases = (
				37C79AD113331D3D00191D9C /* Sources */,
				37C79AD213331D3D00191D9C /* Frameworks */,
				37C79AD313331D3D00191D9C /* Resources */,
			);
			buildRules = (
			);
			dependencies = (
			);
			name = simpleCalculator;
			productName = simpleCalculator;
			productReference = 37C79AD513331D3D00191D9C /* simpleCalculator.app */;
			productType = "com.apple.product-type.application";
		};
		37C79AF813331D3D00191D9C /* simpleCalculatorTests */ = {
			isa = PBXNativeTarget;
			buildConfigurationList = 37C79B0F13331D3D00191D9C /* Build configuration list for PBXNativeTarget "simpleCalculatorTests" */;
			buildPhases = (
				37C79AF413331D3D00191D9C /* Sources */,
				37C79AF513331D3D00191D9C /* Frameworks */,
				37C79AF613331D3D00191D9C /* Resources */,
				37C79AF713331D3D00191D9C /* ShellScript */,
			);
			buildRules = (
			);
			dependencies = (
				37C79AFE13331D3D00191D9C /* PBXTargetDependency */,
			);
			name = simpleCalculatorTests;
			productName = simpleCalculatorTests;
			productReference = 37C79AF913331D3D00191D9C /* simpleCalculatorTests.octest */;
			productType = "com.apple.product-type.bundle";
		};
/* End PBXNativeTarget section */

/* Begin PBXProject section */
		37C79ACC13331D3C00191D9C /* Project object */ = {
			isa = PBXProject;
			buildConfigurationList = 37C79ACF13331D3C00191D9C /* Build configuration list for PBXProject "simpleCalculator" */;
			compatibilityVersion = "Xcode 3.2";
			developmentRegion = English;
			hasScannedForEncodings = 0;
			knownRegions = (
				en,
			);
			mainGroup = 37C79ACA13331D3C00191D9C;
			productRefGroup = 37C79AD613331D3D00191D9C /* Products */;
			projectDirPath = "";
			projectRoot = "";
			targets = (
				37C79AD413331D3D00191D9C /* simpleCalculator */,
				37C79AF813331D3D00191D9C /* simpleCalculatorTests */,
			);
		};
/* End PBXProject section */

/* Begin PBXResourcesBuildPhase section */
		37C79AD313331D3D00191D9C /* Resources */ = {
			isa = PBXResourcesBuildPhase;
			buildActionMask = 2147483647;
			files = (
				37C79AE413331D3D00191D9C /* InfoPlist.strings in Resources */,
				37C79AED13331D3D00191D9C /* MainWindow.xib in Resources */,
				37C79AF313331D3D00191D9C /* simpleCalculatorViewController.xib in Resources */,
			);
			runOnlyForDeploymentPostprocessing = 0;
		};
		37C79AF613331D3D00191D9C /* Resources */ = {
			isa = PBXResourcesBuildPhase;
			buildActionMask = 2147483647;
			files = (
				37C79B0413331D3D00191D9C /* InfoPlist.strings in Resources */,
				37C79B0713331D3D00191D9C /* simpleCalculatorTests.h in Resources */,
			);
			runOnlyForDeploymentPostprocessing = 0;
		};
/* End PBXResourcesBuildPhase section */

/* Begin PBXShellScriptBuildPhase section */
		37C79AF713331D3D00191D9C /* ShellScript */ = {
			isa = PBXShellScriptBuildPhase;
			buildActionMask = 2147483647;
			files = (
			);
			inputPaths = (
			);
			outputPaths = (
			);
			runOnlyForDeploymentPostprocessing = 0;
			shellPath = /bin/sh;
			shellScript = "# Run the unit tests in this test bundle.\n\"${SYSTEM_DEVELOPER_DIR}/Tools/RunUnitTests\"\n";
		};
/* End PBXShellScriptBuildPhase section */

/* Begin PBXSourcesBuildPhase section */
		37C79AD113331D3D00191D9C /* Sources */ = {
			isa = PBXSourcesBuildPhase;
			buildActionMask = 2147483647;
			files = (
				37C79AE713331D3D00191D9C /* main.m in Sources */,
				37C79AEA13331D3D00191D9C /* simpleCalculatorAppDelegate.m in Sources */,
				37C79AF013331D3D00191D9C /* simpleCalculatorViewController.m in Sources */,
			);
			runOnlyForDeploymentPostprocessing = 0;
		};
		37C79AF413331D3D00191D9C /* Sources */ = {
			isa = PBXSourcesBuildPhase;
			buildActionMask = 2147483647;
			files = (
				37C79B0913331D3D00191D9C /* simpleCalculatorTests.m in Sources */,
			);
			runOnlyForDeploymentPostprocessing = 0;
		};
/* End PBXSourcesBuildPhase section */

/* Begin PBXTargetDependency section */
		37C79AFE13331D3D00191D9C /* PBXTargetDependency */ = {
			isa = PBXTargetDependency;
			target = 37C79AD413331D3D00191D9C /* simpleCalculator */;
			targetProxy = 37C79AFD13331D3D00191D9C /* PBXContainerItemProxy */;
		};
/* End PBXTargetDependency section */

/* Begin PBXVariantGroup section */
		37C79AE213331D3D00191D9C /* InfoPlist.strings */ = {
			isa = PBXVariantGroup;
			children = (
				37C79AE313331D3D00191D9C /* en */,
			);
			name = InfoPlist.strings;
			sourceTree = "<group>";
		};
		37C79AEB13331D3D00191D9C /* MainWindow.xib */ = {
			isa = PBXVariantGroup;
			children = (
				37C79AEC13331D3D00191D9C /* en */,
			);
			name = MainWindow.xib;
			sourceTree = "<group>";
		};
		37C79AF113331D3D00191D9C /* simpleCalculatorViewController.xib */ = {
			isa = PBXVariantGroup;
			children = (
				37C79AF213331D3D00191D9C /* en */,
			);
			name = simpleCalculatorViewController.xib;
			sourceTree = "<group>";
		};
		37C79B0213331D3D00191D9C /* InfoPlist.strings */ = {
			isa = PBXVariantGroup;
			children = (
				37C79B0313331D3D00191D9C /* en */,
			);
			name = InfoPlist.strings;
			sourceTree = "<group>";
		};
/* End PBXVariantGroup section */

/* Begin XCBuildConfiguration section */
		37C79B0A13331D3D00191D9C /* Debug */ = {
			isa = XCBuildConfiguration;
			buildSettings = {
				ARCHS = "$(ARCHS_STANDARD_32_BIT)";
				"CODE_SIGN_IDENTITY[sdk=iphoneos*]" = "iPhone Developer";
				GCC_C_LANGUAGE_STANDARD = gnu99;
				GCC_OPTIMIZATION_LEVEL = 0;
				GCC_PREPROCESSOR_DEFINITIONS = DEBUG;
				GCC_SYMBOLS_PRIVATE_EXTERN = NO;
				GCC_VERSION = com.apple.compilers.llvmgcc42;
				GCC_WARN_ABOUT_RETURN_TYPE = YES;
				GCC_WARN_UNUSED_VARIABLE = YES;
				IPHONEOS_DEPLOYMENT_TARGET = 4.3;
				SDKROOT = iphoneos;
			};
			name = Debug;
		};
		37C79B0B13331D3D00191D9C /* Release */ = {
			isa = XCBuildConfiguration;
			buildSettings = {
				ARCHS = "$(ARCHS_STANDARD_32_BIT)";
				"CODE_SIGN_IDENTITY[sdk=iphoneos*]" = "iPhone Developer";
				GCC_C_LANGUAGE_STANDARD = gnu99;
				GCC_VERSION = com.apple.compilers.llvmgcc42;
				GCC_WARN_ABOUT_RETURN_TYPE = YES;
				GCC_WARN_UNUSED_VARIABLE = YES;
				IPHONEOS_DEPLOYMENT_TARGET = 4.3;
				OTHER_CFLAGS = "-DNS_BLOCK_ASSERTIONS=1";
				SDKROOT = iphoneos;
			};
			name = Release;
		};
		37C79B0D13331D3D00191D9C /* Debug */ = {
			isa = XCBuildConfiguration;
			buildSettings = {
				ALWAYS_SEARCH_USER_PATHS = NO;
				COPY_PHASE_STRIP = NO;
				GCC_DYNAMIC_NO_PIC = NO;
				GCC_PRECOMPILE_PREFIX_HEADER = YES;
				GCC_PREFIX_HEADER = "simpleCalculator/simpleCalculator-Prefix.pch";
				INFOPLIST_FILE = "simpleCalculator/simpleCalculator-Info.plist";
				PRODUCT_NAME = "$(TARGET_NAME)";
				WRAPPER_EXTENSION = app;
			};
			name = Debug;
		};
		37C79B0E13331D3D00191D9C /* Release */ = {
			isa = XCBuildConfiguration;
			buildSettings = {
				ALWAYS_SEARCH_USER_PATHS = NO;
				COPY_PHASE_STRIP = YES;
				GCC_PRECOMPILE_PREFIX_HEADER = YES;
				GCC_PREFIX_HEADER = "simpleCalculator/simpleCalculator-Prefix.pch";
				INFOPLIST_FILE = "simpleCalculator/simpleCalculator-Info.plist";
				PRODUCT_NAME = "$(TARGET_NAME)";
				VALIDATE_PRODUCT = YES;
				WRAPPER_EXTENSION = app;
			};
			name = Release;
		};
		37C79B1013331D3D00191D9C /* Debug */ = {
			isa = XCBuildConfiguration;
			buildSettings = {
				ALWAYS_SEARCH_USER_PATHS = NO;
				BUNDLE_LOADER = "$(BUILT_PRODUCTS_DIR)/simpleCalculator.app/simpleCalculator";
				FRAMEWORK_SEARCH_PATHS = (
					"$(SDKROOT)/Developer/Library/Frameworks",
					"$(DEVELOPER_LIBRARY_DIR)/Frameworks",
				);
				GCC_PRECOMPILE_PREFIX_HEADER = YES;
				GCC_PREFIX_HEADER = "simpleCalculatorTests/simpleCalculatorTests-Prefix.pch";
				INFOPLIST_FILE = "simpleCalculatorTests/simpleCalculatorTests-Info.plist";
				OTHER_LDFLAGS = (
					"-framework",
					SenTestingKit,
				);
				PRODUCT_NAME = "$(TARGET_NAME)";
				TEST_HOST = "$(BUNDLE_LOADER)";
				WRAPPER_EXTENSION = octest;
			};
			name = Debug;
		};
		37C79B1113331D3D00191D9C /* Release */ = {
			isa = XCBuildConfiguration;
			buildSettings = {
				ALWAYS_SEARCH_USER_PATHS = NO;
				BUNDLE_LOADER = "$(BUILT_PRODUCTS_DIR)/simpleCalculator.app/simpleCalculator";
				FRAMEWORK_SEARCH_PATHS = (
					"$(SDKROOT)/Developer/Library/Frameworks",
					"$(DEVELOPER_LIBRARY_DIR)/Frameworks",
				);
				GCC_PRECOMPILE_PREFIX_HEADER = YES;
				GCC_PREFIX_HEADER = "simpleCalculatorTests/simpleCalculatorTests-Prefix.pch";
				INFOPLIST_FILE = "simpleCalculatorTests/simpleCalculatorTests-Info.plist";
				OTHER_LDFLAGS = (
					"-framework",
					SenTestingKit,
				);
				PRODUCT_NAME = "$(TARGET_NAME)";
				TEST_HOST = "$(BUNDLE_LOADER)";
				WRAPPER_EXTENSION = octest;
			};
			name = Release;
		};
/* End XCBuildConfiguration section */

/* Begin XCConfigurationList section */
		37C79ACF13331D3C00191D9C /* Build configuration list for PBXProject "simpleCalculator" */ = {
			isa = XCConfigurationList;
			buildConfigurations = (
				37C79B0A13331D3D00191D9C /* Debug */,
				37C79B0B13331D3D00191D9C /* Release */,
			);
			defaultConfigurationIsVisible = 0;
			defaultConfigurationName = Release;
		};
		37C79B0C13331D3D00191D9C /* Build configuration list for PBXNativeTarget "simpleCalculator" */ = {
			isa = XCConfigurationList;
			buildConfigurations = (
				37C79B0D13331D3D00191D9C /* Debug */,
				37C79B0E13331D3D00191D9C /* Release */,
			);
			defaultConfigurationIsVisible = 0;
		};
		37C79B0F13331D3D00191D9C /* Build configuration list for PBXNativeTarget "simpleCalculatorTests" */ = {
			isa = XCConfigurationList;
			buildConfigurations = (
				37C79B1013331D3D00191D9C /* Debug */,
				37C79B1113331D3D00191D9C /* Release */,
			);
			defaultConfigurationIsVisible = 0;
		};
/* End XCConfigurationList section */
	};
	rootObject = 37C79ACC13331D3C00191D9C /* Project object */;
}
